{
  "name": "egg-router-decorators",
  "version": "1.0.0",
  "lockfileVersion": 1,
  "requires": true,
  "dependencies": {
    "@types/koa": {
      "version": "2.0.46",
      "resolved": "http://registry.npm.taobao.org/@types/koa/download/@types/koa-2.0.46.tgz",
      "dev": true,
      "requires": {
        "@types/accepts": "*",
        "@types/cookies": "*",
        "@types/events": "*",
        "@types/http-assert": "*",
        "@types/keygrip": "*",
        "@types/koa-compose": "*",
        "@types/node": "*"
      },
      "dependencies": {
        "@types/accepts": {
          "version": "1.3.5",
          "bundled": true,
          "dev": true,
          "requires": {
            "@types/node": "*"
          },
          "dependencies": {
            "@types/node": {
              "version": "10.10.1",
              "bundled": true,
              "dev": true
            }
          }
        },
        "@types/cookies": {
          "version": "0.7.1",
          "bundled": true,
          "dev": true,
          "requires": {
            "@types/connect": "*",
            "@types/express": "*",
            "@types/keygrip": "*",
            "@types/node": "*"
          },
          "dependencies": {
            "@types/connect": {
              "version": "3.4.32",
              "bundled": true,
              "dev": true,
              "requires": {
                "@types/node": "*"
              },
              "dependencies": {
                "@types/node": {
                  "version": "10.11.0",
                  "bundled": true,
                  "dev": true
                }
              }
            },
            "@types/express": {
              "version": "4.16.0",
              "bundled": true,
              "dev": true,
              "requires": {
                "@types/body-parser": "*",
                "@types/express-serve-static-core": "*",
                "@types/serve-static": "*"
              },
              "dependencies": {
                "@types/body-parser": {
                  "version": "1.17.0",
                  "bundled": true,
                  "dev": true,
                  "requires": {
                    "@types/connect": "*",
                    "@types/node": "*"
                  }
                },
                "@types/connect": {
                  "version": "3.4.32",
                  "bundled": true,
                  "dev": true,
                  "requires": {
                    "@types/node": "*"
                  }
                },
                "@types/events": {
                  "version": "1.2.0",
                  "bundled": true,
                  "dev": true
                },
                "@types/express-serve-static-core": {
                  "version": "4.16.0",
                  "bundled": true,
                  "dev": true,
                  "requires": {
                    "@types/events": "*",
                    "@types/node": "*",
                    "@types/range-parser": "*"
                  }
                },
                "@types/mime": {
                  "version": "2.0.0",
                  "bundled": true,
                  "dev": true
                },
                "@types/node": {
                  "version": "10.11.0",
                  "bundled": true,
                  "dev": true
                },
                "@types/range-parser": {
                  "version": "1.2.2",
                  "bundled": true,
                  "dev": true
                },
                "@types/serve-static": {
                  "version": "1.13.2",
                  "bundled": true,
                  "dev": true,
                  "requires": {
                    "@types/express-serve-static-core": "*",
                    "@types/mime": "*"
                  }
                }
              }
            },
            "@types/keygrip": {
              "version": "1.0.1",
              "bundled": true,
              "dev": true
            },
            "@types/node": {
              "version": "10.10.1",
              "bundled": true,
              "dev": true
            }
          }
        },
        "@types/events": {
          "version": "1.2.0",
          "bundled": true,
          "dev": true
        },
        "@types/http-assert": {
          "version": "1.3.0",
          "bundled": true,
          "dev": true
        },
        "@types/keygrip": {
          "version": "1.0.1",
          "bundled": true,
          "dev": true
        },
        "@types/koa-compose": {
          "version": "3.2.2",
          "bundled": true,
          "dev": true
        },
        "@types/node": {
          "version": "10.10.1",
          "bundled": true,
          "dev": true
        }
      }
    },
    "tslib": {
      "version": "1.9.3",
      "resolved": "https://registry.npmjs.org/tslib/-/tslib-1.9.3.tgz",
      "integrity": "sha512-4krF8scpejhaOgqzBEcGM7yDIEfi0/8+8zDRZhNZZ2kjmHJ4hv3zCbQWxoJGz1iw5U0Jl0nma13xzHXcncMavQ==",
      "dev": true
    },
    "typescript": {
      "version": "3.0.3",
      "resolved": "http://registry.npm.taobao.org/typescript/download/typescript-3.0.3.tgz",
      "dev": true
    }
  }
}
